
Microsoft Visual Studio Solution File, Format Version 12.00
# Visual Studio Version 17
VisualStudioVersion = 17.10.35201.131
MinimumVisualStudioVersion = 10.0.40219.1
Project("{FAE04EC0-301F-11D3-BF4B-00C04F79EFBC}") = "PingWebAddressApp", "PingWebAddressApp\PingWebAddressApp.csproj", "{A1338F04-5729-482A-A2A9-7A758E6A544E}"
EndProject
Global
	GlobalSection(SolutionConfigurationPlatforms) = preSolution
		Debug|Any CPU = Debug|Any CPU
		Release|Any CPU = Release|Any CPU
	EndGlobalSection
	GlobalSection(ProjectConfigurationPlatforms) = postSolution
		{A1338F04-5729-482A-A2A9-7A758E6A544E}.Debug|Any CPU.ActiveCfg = Debug|Any CPU
		{A1338F04-5729-482A-A2A9-7A758E6A544E}.Debug|Any CPU.Build.0 = Debug|Any CPU
		{A1338F04-5729-482A-A2A9-7A758E6A544E}.Release|Any CPU.ActiveCfg = Release|Any CPU
		{A1338F04-5729-482A-A2A9-7A758E6A544E}.Release|Any CPU.Build.0 = Release|Any CPU
	EndGlobalSection
	GlobalSection(SolutionProperties) = preSolution
		HideSolutionNode = FALSE
	EndGlobalSection
	GlobalSection(ExtensibilityGlobals) = postSolution
		SolutionGuid = {8C613CBB-45D6-4A11-90FD-CA27E59DE49C}
	EndGlobalSection
EndGlobal
